# This file is automatically @generated by Poetry 1.7.1 and should not be changed by hand.

[[package]]
name = "prompt_toolkit"
version = "1.0.15"
description = "Library for building powerful interactive command lines in Python"
optional = false
python-versions = "*"
files = []
develop = false

[package.dependencies]
six = ">=1.9.0"
wcwidth = "*"

[package.source]
type = "git"
url = "https://github.com/djstompzone/python-prompt-toolkit.git"
reference = "select-menu-stable"
resolved_reference = "2314b1e4247632d2f7305ba5d9d12e38283dcfb7"

[[package]]
name = "six"
version = "1.16.0"
description = "Python 2 and 3 compatibility utilities"
optional = false
python-versions = ">=2.7, !=3.0.*, !=3.1.*, !=3.2.*"
files = [
    {file = "six-1.16.0-py2.py3-none-any.whl", hash = "sha256:8abb2f1d86890a2dfb989f9a77cfcfd3e47c2a354b01111771326f8aa26e0254"},
    {file = "six-1.16.0.tar.gz", hash = "sha256:1e61c37477a1626458e36f7b1d82aa5c9b094fa4802892072e49de9c60c4c926"},
]

[[package]]
name = "wcwidth"
version = "0.2.13"
description = "Measures the displayed width of unicode strings in a terminal"
optional = false
python-versions = "*"
files = [
    {file = "wcwidth-0.2.13-py2.py3-none-any.whl", hash = "sha256:3da69048e4540d84af32131829ff948f1e022c1c6bdb8d6102117aac784f6859"},
    {file = "wcwidth-0.2.13.tar.gz", hash = "sha256:72ea0c06399eb286d978fdedb6923a9eb47e1c486ce63e9b4e64fc18303972b5"},
]

[metadata]
lock-version = "2.0"
python-versions = "^3.11"
content-hash = "f629a750f1421f1551382e3055f763e891864f9db4bf5cd5bc49c9d0ab4d4549"
